// !$*UTF8*$!
{
	archiveVersion = 1;
	classes = {
	};
	objectVersion = 50;
	objects = {

/* Begin PBXBuildFile section */
		21AD425A243875AA00F48B1B /* AppDelegate.swift in Sources */ = {isa = PBXBuildFile; fileRef = 21AD4259243875AA00F48B1B /* AppDelegate.swift */; };
		21AD425C243875AA00F48B1B /* SceneDelegate.swift in Sources */ = {isa = PBXBuildFile; fileRef = 21AD425B243875AA00F48B1B /* SceneDelegate.swift */; };
		21AD425E243875AA00F48B1B /* ViewController.swift in Sources */ = {isa = PBXBuildFile; fileRef = 21AD425D243875AA00F48B1B /* ViewController.swift */; };
		21AD4261243875AA00F48B1B /* Main.storyboard in Resources */ = {isa = PBXBuildFile; fileRef = 21AD425F243875AA00F48B1B /* Main.storyboard */; };
		21AD4264243875AA00F48B1B /* CoreDataTestApp.xcdatamodeld in Sources */ = {isa = PBXBuildFile; fileRef = 21AD4262243875AA00F48B1B /* CoreDataTestApp.xcdatamodeld */; };
		21AD4266243875AC00F48B1B /* Assets.xcassets in Resources */ = {isa = PBXBuildFile; fileRef = 21AD4265243875AC00F48B1B /* Assets.xcassets */; };
		21AD4269243875AC00F48B1B /* LaunchScreen.storyboard in Resources */ = {isa = PBXBuildFile; fileRef = 21AD4267243875AC00F48B1B /* LaunchScreen.storyboard */; };
		21AD4274243875AC00F48B1B /* CoreDataTestAppTests.swift in Sources */ = {isa = PBXBuildFile; fileRef = 21AD4273243875AC00F48B1B /* CoreDataTestAppTests.swift */; };
		21AD427F243875AC00F48B1B /* CoreDataTestAppUITests.swift in Sources */ = {isa = PBXBuildFile; fileRef = 21AD427E243875AC00F48B1B /* CoreDataTestAppUITests.swift */; };
		21AD428E243878A100F48B1B /* LoginController.swift in Sources */ = {isa = PBXBuildFile; fileRef = 21AD428C243878A100F48B1B /* LoginController.swift */; };
		21AD428F243878A100F48B1B /* LoginController.xib in Resources */ = {isa = PBXBuildFile; fileRef = 21AD428D243878A100F48B1B /* LoginController.xib */; };
		21AD42922438835800F48B1B /* Forgotpassword.swift in Sources */ = {isa = PBXBuildFile; fileRef = 21AD42902438835800F48B1B /* Forgotpassword.swift */; };
		21AD42932438835800F48B1B /* Forgotpassword.xib in Resources */ = {isa = PBXBuildFile; fileRef = 21AD42912438835800F48B1B /* Forgotpassword.xib */; };
		21AD42962438914800F48B1B /* CertificateCtrl.swift in Sources */ = {isa = PBXBuildFile; fileRef = 21AD42942438914800F48B1B /* CertificateCtrl.swift */; };
		21AD42972438914800F48B1B /* CertificateCtrl.xib in Resources */ = {isa = PBXBuildFile; fileRef = 21AD42952438914800F48B1B /* CertificateCtrl.xib */; };
/* End PBXBuildFile section */

/* Begin PBXContainerItemProxy section */
		21AD4270243875AC00F48B1B /* PBXContainerItemProxy */ = {
			isa = PBXContainerItemProxy;
			containerPortal = 21AD424E243875AA00F48B1B /* Project object */;
			proxyType = 1;
			remoteGlobalIDString = 21AD4255243875AA00F48B1B;
			remoteInfo = CoreDataTestApp;
		};
		21AD427B243875AC00F48B1B /* PBXContainerItemProxy */ = {
			isa = PBXContainerItemProxy;
			containerPortal = 21AD424E243875AA00F48B1B /* Project object */;
			proxyType = 1;
			remoteGlobalIDString = 21AD4255243875AA00F48B1B;
			remoteInfo = CoreDataTestApp;
		};
/* End PBXContainerItemProxy section */

/* Begin PBXFileReference section */
		21AD4256243875AA00F48B1B /* CoreDataTestApp.app */ = {isa = PBXFileReference; explicitFileType = wrapper.application; includeInIndex = 0; path = CoreDataTestApp.app; sourceTree = BUILT_PRODUCTS_DIR; };
		21AD4259243875AA00F48B1B /* AppDelegate.swift */ = {isa = PBXFileReference; lastKnownFileType = sourcecode.swift; path = AppDelegate.swift; sourceTree = "<group>"; };
		21AD425B243875AA00F48B1B /* SceneDelegate.swift */ = {isa = PBXFileReference; lastKnownFileType = sourcecode.swift; path = SceneDelegate.swift; sourceTree = "<group>"; };
		21AD425D243875AA00F48B1B /* ViewController.swift */ = {isa = PBXFileReference; lastKnownFileType = sourcecode.swift; path = ViewController.swift; sourceTree = "<group>"; };
		21AD4260243875AA00F48B1B /* Base */ = {isa = PBXFileReference; lastKnownFileType = file.storyboard; name = Base; path = Base.lproj/Main.storyboard; sourceTree = "<group>"; };
		21AD4263243875AA00F48B1B /* CoreDataTestApp.xcdatamodel */ = {isa = PBXFileReference; lastKnownFileType = wrapper.xcdatamodel; path = CoreDataTestApp.xcdatamodel; sourceTree = "<group>"; };
		21AD4265243875AC00F48B1B /* Assets.xcassets */ = {isa = PBXFileReference; lastKnownFileType = folder.assetcatalog; path = Assets.xcassets; sourceTree = "<group>"; };
		21AD4268243875AC00F48B1B /* Base */ = {isa = PBXFileReference; lastKnownFileType = file.storyboard; name = Base; path = Base.lproj/LaunchScreen.storyboard; sourceTree = "<group>"; };
		21AD426A243875AC00F48B1B /* Info.plist */ = {isa = PBXFileReference; lastKnownFileType = text.plist.xml; path = Info.plist; sourceTree = "<group>"; };
		21AD426F243875AC00F48B1B /* CoreDataTestAppTests.xctest */ = {isa = PBXFileReference; explicitFileType = wrapper.cfbundle; includeInIndex = 0; path = CoreDataTestAppTests.xctest; sourceTree = BUILT_PRODUCTS_DIR; };
		21AD4273243875AC00F48B1B /* CoreDataTestAppTests.swift */ = {isa = PBXFileReference; lastKnownFileType = sourcecode.swift; path = CoreDataTestAppTests.swift; sourceTree = "<group>"; };
		21AD4275243875AC00F48B1B /* Info.plist */ = {isa = PBXFileReference; lastKnownFileType = text.plist.xml; path = Info.plist; sourceTree = "<group>"; };
		21AD427A243875AC00F48B1B /* CoreDataTestAppUITests.xctest */ = {isa = PBXFileReference; explicitFileType = wrapper.cfbundle; includeInIndex = 0; path = CoreDataTestAppUITests.xctest; sourceTree = BUILT_PRODUCTS_DIR; };
		21AD427E243875AC00F48B1B /* CoreDataTestAppUITests.swift */ = {isa = PBXFileReference; lastKnownFileType = sourcecode.swift; path = CoreDataTestAppUITests.swift; sourceTree = "<group>"; };
		21AD4280243875AC00F48B1B /* Info.plist */ = {isa = PBXFileReference; lastKnownFileType = text.plist.xml; path = Info.plist; sourceTree = "<group>"; };
		21AD428C243878A100F48B1B /* LoginController.swift */ = {isa = PBXFileReference; lastKnownFileType = sourcecode.swift; path = LoginController.swift; sourceTree = "<group>"; };
		21AD428D243878A100F48B1B /* LoginController.xib */ = {isa = PBXFileReference; lastKnownFileType = file.xib; path = LoginController.xib; sourceTree = "<group>"; };
		21AD42902438835800F48B1B /* Forgotpassword.swift */ = {isa = PBXFileReference; lastKnownFileType = sourcecode.swift; path = Forgotpassword.swift; sourceTree = "<group>"; };
		21AD42912438835800F48B1B /* Forgotpassword.xib */ = {isa = PBXFileReference; lastKnownFileType = file.xib; path = Forgotpassword.xib; sourceTree = "<group>"; };
		21AD42942438914800F48B1B /* CertificateCtrl.swift */ = {isa = PBXFileReference; lastKnownFileType = sourcecode.swift; path = CertificateCtrl.swift; sourceTree = "<group>"; };
		21AD42952438914800F48B1B /* CertificateCtrl.xib */ = {isa = PBXFileReference; lastKnownFileType = file.xib; path = CertificateCtrl.xib; sourceTree = "<group>"; };
/* End PBXFileReference section */

/* Begin PBXFrameworksBuildPhase section */
		21AD4253243875AA00F48B1B /* Frameworks */ = {
			isa = PBXFrameworksBuildPhase;
			buildActionMask = 2147483647;
			files = (
			);
			runOnlyForDeploymentPostprocessing = 0;
		};
		21AD426C243875AC00F48B1B /* Frameworks */ = {
			isa = PBXFrameworksBuildPhase;
			buildActionMask = 2147483647;
			files = (
			);
			runOnlyForDeploymentPostprocessing = 0;
		};
		21AD4277243875AC00F48B1B /* Frameworks */ = {
			isa = PBXFrameworksBuildPhase;
			buildActionMask = 2147483647;
			files = (
			);
			runOnlyForDeploymentPostprocessing = 0;
		};
/* End PBXFrameworksBuildPhase section */

/* Begin PBXGroup section */
		21AD424D243875AA00F48B1B = {
			isa = PBXGroup;
			children = (
				21AD4258243875AA00F48B1B /* CoreDataTestApp */,
				21AD4272243875AC00F48B1B /* CoreDataTestAppTests */,
				21AD427D243875AC00F48B1B /* CoreDataTestAppUITests */,
				21AD4257243875AA00F48B1B /* Products */,
			);
			sourceTree = "<group>";
		};
		21AD4257243875AA00F48B1B /* Products */ = {
			isa = PBXGroup;
			children = (
				21AD4256243875AA00F48B1B /* CoreDataTestApp.app */,
				21AD426F243875AC00F48B1B /* CoreDataTestAppTests.xctest */,
				21AD427A243875AC00F48B1B /* CoreDataTestAppUITests.xctest */,
			);
			name = Products;
			sourceTree = "<group>";
		};
		21AD4258243875AA00F48B1B /* CoreDataTestApp */ = {
			isa = PBXGroup;
			children = (
				21AD4259243875AA00F48B1B /* AppDelegate.swift */,
				21AD425B243875AA00F48B1B /* SceneDelegate.swift */,
				21AD425D243875AA00F48B1B /* ViewController.swift */,
				21AD425F243875AA00F48B1B /* Main.storyboard */,
				21AD4265243875AC00F48B1B /* Assets.xcassets */,
				21AD4267243875AC00F48B1B /* LaunchScreen.storyboard */,
				21AD426A243875AC00F48B1B /* Info.plist */,
				21AD4262243875AA00F48B1B /* CoreDataTestApp.xcdatamodeld */,
				21AD428C243878A100F48B1B /* LoginController.swift */,
				21AD428D243878A100F48B1B /* LoginController.xib */,
				21AD42902438835800F48B1B /* Forgotpassword.swift */,
				21AD42912438835800F48B1B /* Forgotpassword.xib */,
				21AD42942438914800F48B1B /* CertificateCtrl.swift */,
				21AD42952438914800F48B1B /* CertificateCtrl.xib */,
			);
			path = CoreDataTestApp;
			sourceTree = "<group>";
		};
		21AD4272243875AC00F48B1B /* CoreDataTestAppTests */ = {
			isa = PBXGroup;
			children = (
				21AD4273243875AC00F48B1B /* CoreDataTestAppTests.swift */,
				21AD4275243875AC00F48B1B /* Info.plist */,
			);
			path = CoreDataTestAppTests;
			sourceTree = "<group>";
		};
		21AD427D243875AC00F48B1B /* CoreDataTestAppUITests */ = {
			isa = PBXGroup;
			children = (
				21AD427E243875AC00F48B1B /* CoreDataTestAppUITests.swift */,
				21AD4280243875AC00F48B1B /* Info.plist */,
			);
			path = CoreDataTestAppUITests;
			sourceTree = "<group>";
		};
/* End PBXGroup section */

/* Begin PBXNativeTarget section */
		21AD4255243875AA00F48B1B /* CoreDataTestApp */ = {
			isa = PBXNativeTarget;
			buildConfigurationList = 21AD4283243875AC00F48B1B /* Build configuration list for PBXNativeTarget "CoreDataTestApp" */;
			buildPhases = (
				21AD4252243875AA00F48B1B /* Sources */,
				21AD4253243875AA00F48B1B /* Frameworks */,
				21AD4254243875AA00F48B1B /* Resources */,
			);
			buildRules = (
			);
			dependencies = (
			);
			name = CoreDataTestApp;
			productName = CoreDataTestApp;
			productReference = 21AD4256243875AA00F48B1B /* CoreDataTestApp.app */;
			productType = "com.apple.product-type.application";
		};
		21AD426E243875AC00F48B1B /* CoreDataTestAppTests */ = {
			isa = PBXNativeTarget;
			buildConfigurationList = 21AD4286243875AC00F48B1B /* Build configuration list for PBXNativeTarget "CoreDataTestAppTests" */;
			buildPhases = (
				21AD426B243875AC00F48B1B /* Sources */,
				21AD426C243875AC00F48B1B /* Frameworks */,
				21AD426D243875AC00F48B1B /* Resources */,
			);
			buildRules = (
			);
			dependencies = (
				21AD4271243875AC00F48B1B /* PBXTargetDependency */,
			);
			name = CoreDataTestAppTests;
			productName = CoreDataTestAppTests;
			productReference = 21AD426F243875AC00F48B1B /* CoreDataTestAppTests.xctest */;
			productType = "com.apple.product-type.bundle.unit-test";
		};
		21AD4279243875AC00F48B1B /* CoreDataTestAppUITests */ = {
			isa = PBXNativeTarget;
			buildConfigurationList = 21AD4289243875AC00F48B1B /* Build configuration list for PBXNativeTarget "CoreDataTestAppUITests" */;
			buildPhases = (
				21AD4276243875AC00F48B1B /* Sources */,
				21AD4277243875AC00F48B1B /* Frameworks */,
				21AD4278243875AC00F48B1B /* Resources */,
			);
			buildRules = (
			);
			dependencies = (
				21AD427C243875AC00F48B1B /* PBXTargetDependency */,
			);
			name = CoreDataTestAppUITests;
			productName = CoreDataTestAppUITests;
			productReference = 21AD427A243875AC00F48B1B /* CoreDataTestAppUITests.xctest */;
			productType = "com.apple.product-type.bundle.ui-testing";
		};
/* End PBXNativeTarget section */

/* Begin PBXProject section */
		21AD424E243875AA00F48B1B /* Project object */ = {
			isa = PBXProject;
			attributes = {
				LastSwiftUpdateCheck = 1140;
				LastUpgradeCheck = 1140;
				ORGANIZATIONNAME = AIDASH;
				TargetAttributes = {
					21AD4255243875AA00F48B1B = {
						CreatedOnToolsVersion = 11.4;
					};
					21AD426E243875AC00F48B1B = {
						CreatedOnToolsVersion = 11.4;
						TestTargetID = 21AD4255243875AA00F48B1B;
					};
					21AD4279243875AC00F48B1B = {
						CreatedOnToolsVersion = 11.4;
						TestTargetID = 21AD4255243875AA00F48B1B;
					};
				};
			};
			buildConfigurationList = 21AD4251243875AA00F48B1B /* Build configuration list for PBXProject "CoreDataTestApp" */;
			compatibilityVersion = "Xcode 9.3";
			developmentRegion = en;
			hasScannedForEncodings = 0;
			knownRegions = (
				en,
				Base,
			);
			mainGroup = 21AD424D243875AA00F48B1B;
			productRefGroup = 21AD4257243875AA00F48B1B /* Products */;
			projectDirPath = "";
			projectRoot = "";
			targets = (
				21AD4255243875AA00F48B1B /* CoreDataTestApp */,
				21AD426E243875AC00F48B1B /* CoreDataTestAppTests */,
				21AD4279243875AC00F48B1B /* CoreDataTestAppUITests */,
			);
		};
/* End PBXProject section */

/* Begin PBXResourcesBuildPhase section */
		21AD4254243875AA00F48B1B /* Resources */ = {
			isa = PBXResourcesBuildPhase;
			buildActionMask = 2147483647;
			files = (
				21AD42932438835800F48B1B /* Forgotpassword.xib in Resources */,
				21AD4269243875AC00F48B1B /* LaunchScreen.storyboard in Resources */,
				21AD428F243878A100F48B1B /* LoginController.xib in Resources */,
				21AD4266243875AC00F48B1B /* Assets.xcassets in Resources */,
				21AD42972438914800F48B1B /* CertificateCtrl.xib in Resources */,
				21AD4261243875AA00F48B1B /* Main.storyboard in Resources */,
			);
			runOnlyForDeploymentPostprocessing = 0;
		};
		21AD426D243875AC00F48B1B /* Resources */ = {
			isa = PBXResourcesBuildPhase;
			buildActionMask = 2147483647;
			files = (
			);
			runOnlyForDeploymentPostprocessing = 0;
		};
		21AD4278243875AC00F48B1B /* Resources */ = {
			isa = PBXResourcesBuildPhase;
			buildActionMask = 2147483647;
			files = (
			);
			runOnlyForDeploymentPostprocessing = 0;
		};
/* End PBXResourcesBuildPhase section */

/* Begin PBXSourcesBuildPhase section */
		21AD4252243875AA00F48B1B /* Sources */ = {
			isa = PBXSourcesBuildPhase;
			buildActionMask = 2147483647;
			files = (
				21AD4264243875AA00F48B1B /* CoreDataTestApp.xcdatamodeld in Sources */,
				21AD425E243875AA00F48B1B /* ViewController.swift in Sources */,
				21AD425A243875AA00F48B1B /* AppDelegate.swift in Sources */,
				21AD42922438835800F48B1B /* Forgotpassword.swift in Sources */,
				21AD42962438914800F48B1B /* CertificateCtrl.swift in Sources */,
				21AD425C243875AA00F48B1B /* SceneDelegate.swift in Sources */,
				21AD428E243878A100F48B1B /* LoginController.swift in Sources */,
			);
			runOnlyForDeploymentPostprocessing = 0;
		};
		21AD426B243875AC00F48B1B /* Sources */ = {
			isa = PBXSourcesBuildPhase;
			buildActionMask = 2147483647;
			files = (
				21AD4274243875AC00F48B1B /* CoreDataTestAppTests.swift in Sources */,
			);
			runOnlyForDeploymentPostprocessing = 0;
		};
		21AD4276243875AC00F48B1B /* Sources */ = {
			isa = PBXSourcesBuildPhase;
			buildActionMask = 2147483647;
			files = (
				21AD427F243875AC00F48B1B /* CoreDataTestAppUITests.swift in Sources */,
			);
			runOnlyForDeploymentPostprocessing = 0;
		};
/* End PBXSourcesBuildPhase section */

/* Begin PBXTargetDependency section */
		21AD4271243875AC00F48B1B /* PBXTargetDependency */ = {
			isa = PBXTargetDependency;
			target = 21AD4255243875AA00F48B1B /* CoreDataTestApp */;
			targetProxy = 21AD4270243875AC00F48B1B /* PBXContainerItemProxy */;
		};
		21AD427C243875AC00F48B1B /* PBXTargetDependency */ = {
			isa = PBXTargetDependency;
			target = 21AD4255243875AA00F48B1B /* CoreDataTestApp */;
			targetProxy = 21AD427B243875AC00F48B1B /* PBXContainerItemProxy */;
		};
/* End PBXTargetDependency section */

/* Begin PBXVariantGroup section */
		21AD425F243875AA00F48B1B /* Main.storyboard */ = {
			isa = PBXVariantGroup;
			children = (
				21AD4260243875AA00F48B1B /* Base */,
			);
			name = Main.storyboard;
			sourceTree = "<group>";
		};
		21AD4267243875AC00F48B1B /* LaunchScreen.storyboard */ = {
			isa = PBXVariantGroup;
			children = (
				21AD4268243875AC00F48B1B /* Base */,
			);
			name = LaunchScreen.storyboard;
			sourceTree = "<group>";
		};
/* End PBXVariantGroup section */

/* Begin XCBuildConfiguration section */
		21AD4281243875AC00F48B1B /* Debug */ = {
			isa = XCBuildConfiguration;
			buildSettings = {
				ALWAYS_SEARCH_USER_PATHS = NO;
				CLANG_ANALYZER_NONNULL = YES;
				CLANG_ANALYZER_NUMBER_OBJECT_CONVERSION = YES_AGGRESSIVE;
				CLANG_CXX_LANGUAGE_STANDARD = "gnu++14";
				CLANG_CXX_LIBRARY = "libc++";
				CLANG_ENABLE_MODULES = YES;
				CLANG_ENABLE_OBJC_ARC = YES;
				CLANG_ENABLE_OBJC_WEAK = YES;
				CLANG_WARN_BLOCK_CAPTURE_AUTORELEASING = YES;
				CLANG_WARN_BOOL_CONVERSION = YES;
				CLANG_WARN_COMMA = YES;
				CLANG_WARN_CONSTANT_CONVERSION = YES;
				CLANG_WARN_DEPRECATED_OBJC_IMPLEMENTATIONS = YES;
				CLANG_WARN_DIRECT_OBJC_ISA_USAGE = YES_ERROR;
				CLANG_WARN_DOCUMENTATION_COMMENTS = YES;
				CLANG_WARN_EMPTY_BODY = YES;
				CLANG_WARN_ENUM_CONVERSION = YES;
				CLANG_WARN_INFINITE_RECURSION = YES;
				CLANG_WARN_INT_CONVERSION = YES;
				CLANG_WARN_NON_LITERAL_NULL_CONVERSION = YES;
				CLANG_WARN_OBJC_IMPLICIT_RETAIN_SELF = YES;
				CLANG_WARN_OBJC_LITERAL_CONVERSION = YES;
				CLANG_WARN_OBJC_ROOT_CLASS = YES_ERROR;
				CLANG_WARN_RANGE_LOOP_ANALYSIS = YES;
				CLANG_WARN_STRICT_PROTOTYPES = YES;
				CLANG_WARN_SUSPICIOUS_MOVE = YES;
				CLANG_WARN_UNGUARDED_AVAILABILITY = YES_AGGRESSIVE;
				CLANG_WARN_UNREACHABLE_CODE = YES;
				CLANG_WARN__DUPLICATE_METHOD_MATCH = YES;
				COPY_PHASE_STRIP = NO;
				DEBUG_INFORMATION_FORMAT = dwarf;
				ENABLE_STRICT_OBJC_MSGSEND = YES;
				ENABLE_TESTABILITY = YES;
				GCC_C_LANGUAGE_STANDARD = gnu11;
				GCC_DYNAMIC_NO_PIC = NO;
				GCC_NO_COMMON_BLOCKS = YES;
				GCC_OPTIMIZATION_LEVEL = 0;
				GCC_PREPROCESSOR_DEFINITIONS = (
					"DEBUG=1",
					"$(inherited)",
				);
				GCC_WARN_64_TO_32_BIT_CONVERSION = YES;
				GCC_WARN_ABOUT_RETURN_TYPE = YES_ERROR;
				GCC_WARN_UNDECLARED_SELECTOR = YES;
				GCC_WARN_UNINITIALIZED_AUTOS = YES_AGGRESSIVE;
				GCC_WARN_UNUSED_FUNCTION = YES;
				GCC_WARN_UNUSED_VARIABLE = YES;
				IPHONEOS_DEPLOYMENT_TARGET = 13.4;
				MTL_ENABLE_DEBUG_INFO = INCLUDE_SOURCE;
				MTL_FAST_MATH = YES;
				ONLY_ACTIVE_ARCH = YES;
				SDKROOT = iphoneos;
				SWIFT_ACTIVE_COMPILATION_CONDITIONS = DEBUG;
				SWIFT_OPTIMIZATION_LEVEL = "-Onone";
			};
			name = Debug;
		};
		21AD4282243875AC00F48B1B /* Release */ = {
			isa = XCBuildConfiguration;
			buildSettings = {
				ALWAYS_SEARCH_USER_PATHS = NO;
				CLANG_ANALYZER_NONNULL = YES;
				CLANG_ANALYZER_NUMBER_OBJECT_CONVERSION = YES_AGGRESSIVE;
				CLANG_CXX_LANGUAGE_STANDARD = "gnu++14";
				CLANG_CXX_LIBRARY = "libc++";
				CLANG_ENABLE_MODULES = YES;
				CLANG_ENABLE_OBJC_ARC = YES;
				CLANG_ENABLE_OBJC_WEAK = YES;
				CLANG_WARN_BLOCK_CAPTURE_AUTORELEASING = YES;
				CLANG_WARN_BOOL_CONVERSION = YES;
				CLANG_WARN_COMMA = YES;
				CLANG_WARN_CONSTANT_CONVERSION = YES;
				CLANG_WARN_DEPRECATED_OBJC_IMPLEMENTATIONS = YES;
				CLANG_WARN_DIRECT_OBJC_ISA_USAGE = YES_ERROR;
				CLANG_WARN_DOCUMENTATION_COMMENTS = YES;
				CLANG_WARN_EMPTY_BODY = YES;
				CLANG_WARN_ENUM_CONVERSION = YES;
				CLANG_WARN_INFINITE_RECURSION = YES;
				CLANG_WARN_INT_CONVERSION = YES;
				CLANG_WARN_NON_LITERAL_NULL_CONVERSION = YES;
				CLANG_WARN_OBJC_IMPLICIT_RETAIN_SELF = YES;
				CLANG_WARN_OBJC_LITERAL_CONVERSION = YES;
				CLANG_WARN_OBJC_ROOT_CLASS = YES_ERROR;
				CLANG_WARN_RANGE_LOOP_ANALYSIS = YES;
				CLANG_WARN_STRICT_PROTOTYPES = YES;
				CLANG_WARN_SUSPICIOUS_MOVE = YES;
				CLANG_WARN_UNGUARDED_AVAILABILITY = YES_AGGRESSIVE;
				CLANG_WARN_UNREACHABLE_CODE = YES;
				CLANG_WARN__DUPLICATE_METHOD_MATCH = YES;
				COPY_PHASE_STRIP = NO;
				DEBUG_INFORMATION_FORMAT = "dwarf-with-dsym";
				ENABLE_NS_ASSERTIONS = NO;
				ENABLE_STRICT_OBJC_MSGSEND = YES;
				GCC_C_LANGUAGE_STANDARD = gnu11;
				GCC_NO_COMMON_BLOCKS = YES;
				GCC_WARN_64_TO_32_BIT_CONVERSION = YES;
				GCC_WARN_ABOUT_RETURN_TYPE = YES_ERROR;
				GCC_WARN_UNDECLARED_SELECTOR = YES;
				GCC_WARN_UNINITIALIZED_AUTOS = YES_AGGRESSIVE;
				GCC_WARN_UNUSED_FUNCTION = YES;
				GCC_WARN_UNUSED_VARIABLE = YES;
				IPHONEOS_DEPLOYMENT_TARGET = 13.4;
				MTL_ENABLE_DEBUG_INFO = NO;
				MTL_FAST_MATH = YES;
				SDKROOT = iphoneos;
				SWIFT_COMPILATION_MODE = wholemodule;
				SWIFT_OPTIMIZATION_LEVEL = "-O";
				VALIDATE_PRODUCT = YES;
			};
			name = Release;
		};
		21AD4284243875AC00F48B1B /* Debug */ = {
			isa = XCBuildConfiguration;
			buildSettings = {
				ASSETCATALOG_COMPILER_APPICON_NAME = AppIcon;
				CODE_SIGN_STYLE = Automatic;
				INFOPLIST_FILE = CoreDataTestApp/Info.plist;
				LD_RUNPATH_SEARCH_PATHS = (
					"$(inherited)",
					"@executable_path/Frameworks",
				);
				PRODUCT_BUNDLE_IDENTIFIER = com.aidash.CoreDataTestApp;
				PRODUCT_NAME = "$(TARGET_NAME)";
				SWIFT_VERSION = 5.0;
				TARGETED_DEVICE_FAMILY = "1,2";
			};
			name = Debug;
		};
		21AD4285243875AC00F48B1B /* Release */ = {
			isa = XCBuildConfiguration;
			buildSettings = {
				ASSETCATALOG_COMPILER_APPICON_NAME = AppIcon;
				CODE_SIGN_STYLE = Automatic;
				INFOPLIST_FILE = CoreDataTestApp/Info.plist;
				LD_RUNPATH_SEARCH_PATHS = (
					"$(inherited)",
					"@executable_path/Frameworks",
				);
				PRODUCT_BUNDLE_IDENTIFIER = com.aidash.CoreDataTestApp;
				PRODUCT_NAME = "$(TARGET_NAME)";
				SWIFT_VERSION = 5.0;
				TARGETED_DEVICE_FAMILY = "1,2";
			};
			name = Release;
		};
		21AD4287243875AC00F48B1B /* Debug */ = {
			isa = XCBuildConfiguration;
			buildSettings = {
				ALWAYS_EMBED_SWIFT_STANDARD_LIBRARIES = YES;
				BUNDLE_LOADER = "$(TEST_HOST)";
				CODE_SIGN_STYLE = Automatic;
				INFOPLIST_FILE = CoreDataTestAppTests/Info.plist;
				IPHONEOS_DEPLOYMENT_TARGET = 13.4;
				LD_RUNPATH_SEARCH_PATHS = (
					"$(inherited)",
					"@executable_path/Frameworks",
					"@loader_path/Frameworks",
				);
				PRODUCT_BUNDLE_IDENTIFIER = com.aidash.CoreDataTestAppTests;
				PRODUCT_NAME = "$(TARGET_NAME)";
				SWIFT_VERSION = 5.0;
				TARGETED_DEVICE_FAMILY = "1,2";
				TEST_HOST = "$(BUILT_PRODUCTS_DIR)/CoreDataTestApp.app/CoreDataTestApp";
			};
			name = Debug;
		};
		21AD4288243875AC00F48B1B /* Release */ = {
			isa = XCBuildConfiguration;
			buildSettings = {
				ALWAYS_EMBED_SWIFT_STANDARD_LIBRARIES = YES;
				BUNDLE_LOADER = "$(TEST_HOST)";
				CODE_SIGN_STYLE = Automatic;
				INFOPLIST_FILE = CoreDataTestAppTests/Info.plist;
				IPHONEOS_DEPLOYMENT_TARGET = 13.4;
				LD_RUNPATH_SEARCH_PATHS = (
					"$(inherited)",
					"@executable_path/Frameworks",
					"@loader_path/Frameworks",
				);
				PRODUCT_BUNDLE_IDENTIFIER = com.aidash.CoreDataTestAppTests;
				PRODUCT_NAME = "$(TARGET_NAME)";
				SWIFT_VERSION = 5.0;
				TARGETED_DEVICE_FAMILY = "1,2";
				TEST_HOST = "$(BUILT_PRODUCTS_DIR)/CoreDataTestApp.app/CoreDataTestApp";
			};
			name = Release;
		};
		21AD428A243875AC00F48B1B /* Debug */ = {
			isa = XCBuildConfiguration;
			buildSettings = {
				ALWAYS_EMBED_SWIFT_STANDARD_LIBRARIES = YES;
				CODE_SIGN_STYLE = Automatic;
				INFOPLIST_FILE = CoreDataTestAppUITests/Info.plist;
				LD_RUNPATH_SEARCH_PATHS = (
					"$(inherited)",
					"@executable_path/Frameworks",
					"@loader_path/Frameworks",
				);
				PRODUCT_BUNDLE_IDENTIFIER = com.aidash.CoreDataTestAppUITests;
				PRODUCT_NAME = "$(TARGET_NAME)";
				SWIFT_VERSION = 5.0;
				TARGETED_DEVICE_FAMILY = "1,2";
				TEST_TARGET_NAME = CoreDataTestApp;
			};
			name = Debug;
		};
		21AD428B243875AC00F48B1B /* Release */ = {
			isa = XCBuildConfiguration;
			buildSettings = {
				ALWAYS_EMBED_SWIFT_STANDARD_LIBRARIES = YES;
				CODE_SIGN_STYLE = Automatic;
				INFOPLIST_FILE = CoreDataTestAppUITests/Info.plist;
				LD_RUNPATH_SEARCH_PATHS = (
					"$(inherited)",
					"@executable_path/Frameworks",
					"@loader_path/Frameworks",
				);
				PRODUCT_BUNDLE_IDENTIFIER = com.aidash.CoreDataTestAppUITests;
				PRODUCT_NAME = "$(TARGET_NAME)";
				SWIFT_VERSION = 5.0;
				TARGETED_DEVICE_FAMILY = "1,2";
				TEST_TARGET_NAME = CoreDataTestApp;
			};
			name = Release;
		};
/* End XCBuildConfiguration section */

/* Begin XCConfigurationList section */
		21AD4251243875AA00F48B1B /* Build configuration list for PBXProject "CoreDataTestApp" */ = {
			isa = XCConfigurationList;
			buildConfigurations = (
				21AD4281243875AC00F48B1B /* Debug */,
				21AD4282243875AC00F48B1B /* Release */,
			);
			defaultConfigurationIsVisible = 0;
			defaultConfigurationName = Release;
		};
		21AD4283243875AC00F48B1B /* Build configuration list for PBXNativeTarget "CoreDataTestApp" */ = {
			isa = XCConfigurationList;
			buildConfigurations = (
				21AD4284243875AC00F48B1B /* Debug */,
				21AD4285243875AC00F48B1B /* Release */,
			);
			defaultConfigurationIsVisible = 0;
			defaultConfigurationName = Release;
		};
		21AD4286243875AC00F48B1B /* Build configuration list for PBXNativeTarget "CoreDataTestAppTests" */ = {
			isa = XCConfigurationList;
			buildConfigurations = (
				21AD4287243875AC00F48B1B /* Debug */,
				21AD4288243875AC00F48B1B /* Release */,
			);
			defaultConfigurationIsVisible = 0;
			defaultConfigurationName = Release;
		};
		21AD4289243875AC00F48B1B /* Build configuration list for PBXNativeTarget "CoreDataTestAppUITests" */ = {
			isa = XCConfigurationList;
			buildConfigurations = (
				21AD428A243875AC00F48B1B /* Debug */,
				21AD428B243875AC00F48B1B /* Release */,
			);
			defaultConfigurationIsVisible = 0;
			defaultConfigurationName = Release;
		};
/* End XCConfigurationList section */

/* Begin XCVersionGroup section */
		21AD4262243875AA00F48B1B /* CoreDataTestApp.xcdatamodeld */ = {
			isa = XCVersionGroup;
			children = (
				21AD4263243875AA00F48B1B /* CoreDataTestApp.xcdatamodel */,
			);
			currentVersion = 21AD4263243875AA00F48B1B /* CoreDataTestApp.xcdatamodel */;
			path = CoreDataTestApp.xcdatamodeld;
			sourceTree = "<group>";
			versionGroupType = wrapper.xcdatamodel;
		};
/* End XCVersionGroup section */
	};
	rootObject = 21AD424E243875AA00F48B1B /* Project object */;
}
